
Microsoft Visual Studio Solution File, Format Version 12.00
# Visual Studio 15
VisualStudioVersion = 15.0.26730.16
MinimumVisualStudioVersion = 10.0.40219.1
Project("{FAE04EC0-301F-11D3-BF4B-00C04F79EFBC}") = "taipei-103-2", "taipei-103-2.csproj", "{79BA936C-5F14-448D-846B-F077A282E219}"
EndProject
Global
	GlobalSection(SolutionConfigurationPlatforms) = preSolution
		Debug|Any CPU = Debug|Any CPU
		Release|Any CPU = Release|Any CPU
	EndGlobalSection
	GlobalSection(ProjectConfigurationPlatforms) = postSolution
		{79BA936C-5F14-448D-846B-F077A282E219}.Debug|Any CPU.ActiveCfg = Debug|Any CPU
		{79BA936C-5F14-448D-846B-F077A282E219}.Debug|Any CPU.Build.0 = Debug|Any CPU
		{79BA936C-5F14-448D-846B-F077A282E219}.Release|Any CPU.ActiveCfg = Release|Any CPU
		{79BA936C-5F14-448D-846B-F077A282E219}.Release|Any CPU.Build.0 = Release|Any CPU
	EndGlobalSection
	GlobalSection(SolutionProperties) = preSolution
		HideSolutionNode = FALSE
	EndGlobalSection
	GlobalSection(ExtensibilityGlobals) = postSolution
		SolutionGuid = {39901CFC-1AE3-43D9-86C1-FEA904E53413}
	EndGlobalSection
EndGlobal
