
Microsoft Visual Studio Solution File, Format Version 12.00
# Visual Studio 15
VisualStudioVersion = 15.0.26730.16
MinimumVisualStudioVersion = 10.0.40219.1
Project("{FAE04EC0-301F-11D3-BF4B-00C04F79EFBC}") = "taipei-101-3", "taipei-101-3.csproj", "{9CC8DADD-FFA0-41FF-9F04-792D140B3AB7}"
EndProject
Global
	GlobalSection(SolutionConfigurationPlatforms) = preSolution
		Debug|Any CPU = Debug|Any CPU
		Release|Any CPU = Release|Any CPU
	EndGlobalSection
	GlobalSection(ProjectConfigurationPlatforms) = postSolution
		{9CC8DADD-FFA0-41FF-9F04-792D140B3AB7}.Debug|Any CPU.ActiveCfg = Debug|Any CPU
		{9CC8DADD-FFA0-41FF-9F04-792D140B3AB7}.Debug|Any CPU.Build.0 = Debug|Any CPU
		{9CC8DADD-FFA0-41FF-9F04-792D140B3AB7}.Release|Any CPU.ActiveCfg = Release|Any CPU
		{9CC8DADD-FFA0-41FF-9F04-792D140B3AB7}.Release|Any CPU.Build.0 = Release|Any CPU
	EndGlobalSection
	GlobalSection(SolutionProperties) = preSolution
		HideSolutionNode = FALSE
	EndGlobalSection
	GlobalSection(ExtensibilityGlobals) = postSolution
		SolutionGuid = {4615A8E9-9B88-48DD-976B-A7EBF3419D9C}
	EndGlobalSection
EndGlobal
